
Microsoft Visual Studio Solution File, Format Version 12.00
# Visual Studio Version 17
VisualStudioVersion = 17.8.34309.116
MinimumVisualStudioVersion = 10.0.40219.1
Project("{FAE04EC0-301F-11D3-BF4B-00C04F79EFBC}") = "N6GraphQLab", "N6GraphQLab\N6GraphQLab.csproj", "{B3995F3A-62CF-4E16-9061-83E518BC3D27}"
EndProject
Global
	GlobalSection(SolutionConfigurationPlatforms) = preSolution
		Debug|Any CPU = Debug|Any CPU
		Release|Any CPU = Release|Any CPU
	EndGlobalSection
	GlobalSection(ProjectConfigurationPlatforms) = postSolution
		{B3995F3A-62CF-4E16-9061-83E518BC3D27}.Debug|Any CPU.ActiveCfg = Debug|Any CPU
		{B3995F3A-62CF-4E16-9061-83E518BC3D27}.Debug|Any CPU.Build.0 = Debug|Any CPU
		{B3995F3A-62CF-4E16-9061-83E518BC3D27}.Release|Any CPU.ActiveCfg = Release|Any CPU
		{B3995F3A-62CF-4E16-9061-83E518BC3D27}.Release|Any CPU.Build.0 = Release|Any CPU
	EndGlobalSection
	GlobalSection(SolutionProperties) = preSolution
		HideSolutionNode = FALSE
	EndGlobalSection
	GlobalSection(ExtensibilityGlobals) = postSolution
		SolutionGuid = {43DA5091-E754-4385-82CE-167D85BE183A}
	EndGlobalSection
EndGlobal
